
Microsoft Visual Studio Solution File, Format Version 12.00
# Visual Studio 15
VisualStudioVersion = 15.0.27428.2027
MinimumVisualStudioVersion = 10.0.40219.1
Project("{FAE04EC0-301F-11D3-BF4B-00C04F79EFBC}") = "BSA_Task", "BSA_Task\BSA_Task.csproj", "{DB11753F-2115-499C-932A-F6B4413B8305}"
EndProject
Global
	GlobalSection(SolutionConfigurationPlatforms) = preSolution
		Debug|Any CPU = Debug|Any CPU
		Release|Any CPU = Release|Any CPU
	EndGlobalSection
	GlobalSection(ProjectConfigurationPlatforms) = postSolution
		{DB11753F-2115-499C-932A-F6B4413B8305}.Debug|Any CPU.ActiveCfg = Debug|Any CPU
		{DB11753F-2115-499C-932A-F6B4413B8305}.Debug|Any CPU.Build.0 = Debug|Any CPU
		{DB11753F-2115-499C-932A-F6B4413B8305}.Release|Any CPU.ActiveCfg = Release|Any CPU
		{DB11753F-2115-499C-932A-F6B4413B8305}.Release|Any CPU.Build.0 = Release|Any CPU
	EndGlobalSection
	GlobalSection(SolutionProperties) = preSolution
		HideSolutionNode = FALSE
	EndGlobalSection
	GlobalSection(ExtensibilityGlobals) = postSolution
		SolutionGuid = {278713DF-9A27-436F-B624-8CD3B7AC72E0}
	EndGlobalSection
EndGlobal
